PODS:
  - Alamofire (5.2.1)
  - DZNEmptyDataSet (1.8.1)
  - Moya/Core (14.0.0):
    - Alamofire (~> 5.0)
  - Moya/RxSwift (14.0.0):
    - Moya/Core
    - RxSwift (~> 5.0)
  - Result (5.0.0)
  - RxCocoa (5.1.1):
    - RxRelay (~> 5)
    - RxSwift (~> 5)
  - RxRelay (5.1.1):
    - RxSwift (~> 5)
  - RxSwift (5.1.1)

DEPENDENCIES:
  - DZNEmptyDataSet (~> 1.8)
  - Moya/RxSwift (~> 14.0)
  - Result
  - RxCocoa (~> 5)

SPEC REPOS:
  trunk:
    - Alamofire
    - DZNEmptyDataSet
    - Moya
    - Result
    - RxCocoa
    - RxRelay
    - RxSwift

SPEC CHECKSUMS:
  Alamofire: e911732990610fe89af59ac0077f923d72dc3dfd
  DZNEmptyDataSet: 9525833b9e68ac21c30253e1d3d7076cc828eaa7
  Moya: 5b45dacb75adb009f97fde91c204c1e565d31916
  Result: ed341d2f236af425b803e690e9bd8fd0a0cb7c5a
  RxCocoa: 32065309a38d29b5b0db858819b5bf9ef038b601
  RxRelay: d77f7d771495f43c556cbc43eebd1bb54d01e8e9
  RxSwift: 81470a2074fa8780320ea5fe4102807cb7118178

PODFILE CHECKSUM: 6af1c49969643efff743a2e1c267c1d75bde81d4

COCOAPODS: 1.9.1
